// !$*UTF8*$!
{
	archiveVersion = 1;
	classes = {
	};
	objectVersion = 55;
	objects = {

/* Begin PBXBuildFile section */
		9C5DD8D12832BA1800641640 /* AppDelegate.swift in Sources */ = {isa = PBXBuildFile; fileRef = 9C5DD8D02832BA1800641640 /* AppDelegate.swift */; };
		9C5DD8D52832BA1800641640 /* TasksViewController.swift in Sources */ = {isa = PBXBuildFile; fileRef = 9C5DD8D42832BA1800641640 /* TasksViewController.swift */; };
		9C5DD8DB2832BA1800641640 /* Balance_App.xcdatamodeld in Sources */ = {isa = PBXBuildFile; fileRef = 9C5DD8D92832BA1800641640 /* Balance_App.xcdatamodeld */; };
		9C5DD8DD2832BA1900641640 /* Assets.xcassets in Resources */ = {isa = PBXBuildFile; fileRef = 9C5DD8DC2832BA1900641640 /* Assets.xcassets */; };
		9C5DD8E02832BA1900641640 /* LaunchScreen.storyboard in Resources */ = {isa = PBXBuildFile; fileRef = 9C5DD8DE2832BA1900641640 /* LaunchScreen.storyboard */; };
		9C5DD8E82834F0BD00641640 /* ProfileViewController.swift in Sources */ = {isa = PBXBuildFile; fileRef = 9C5DD8E72834F0BD00641640 /* ProfileViewController.swift */; };
		9C5DD8EA2834F12300641640 /* AdviseViewController.swift in Sources */ = {isa = PBXBuildFile; fileRef = 9C5DD8E92834F12300641640 /* AdviseViewController.swift */; };
		9C5DD8ED2834F98B00641640 /* UIFont + Extension.swift in Sources */ = {isa = PBXBuildFile; fileRef = 9C5DD8EC2834F98B00641640 /* UIFont + Extension.swift */; };
		9C5DD8F02834F9B400641640 /* UIColor + Extension.swift in Sources */ = {isa = PBXBuildFile; fileRef = 9C5DD8EF2834F9B400641640 /* UIColor + Extension.swift */; };
		9C5DD8F22834F9DC00641640 /* StackView + Extension.swift in Sources */ = {isa = PBXBuildFile; fileRef = 9C5DD8F12834F9DC00641640 /* StackView + Extension.swift */; };
		9C5DD8F42834FAE400641640 /* MainTabBarController.swift in Sources */ = {isa = PBXBuildFile; fileRef = 9C5DD8F32834FAE400641640 /* MainTabBarController.swift */; };
		9C5DD8F62835293000641640 /* SectionHeader.swift in Sources */ = {isa = PBXBuildFile; fileRef = 9C5DD8F52835293000641640 /* SectionHeader.swift */; };
		9C5DD8F928353D4000641640 /* Bundle+Decode.swift in Sources */ = {isa = PBXBuildFile; fileRef = 9C5DD8F828353D4000641640 /* Bundle+Decode.swift */; };
		9C5DD8FC2835479D00641640 /* data.json in Resources */ = {isa = PBXBuildFile; fileRef = 9C5DD8FB2835479D00641640 /* data.json */; };
		9C5DD8FF28354ACB00641640 /* data1.json in Resources */ = {isa = PBXBuildFile; fileRef = 9C5DD8FE28354ACB00641640 /* data1.json */; };
		9C5DD9012836355B00641640 /* HealthCell.swift in Sources */ = {isa = PBXBuildFile; fileRef = 9C5DD9002836355B00641640 /* HealthCell.swift */; };
		9C5DD9042836372500641640 /* Label + Extension.swift in Sources */ = {isa = PBXBuildFile; fileRef = 9C5DD9032836372500641640 /* Label + Extension.swift */; };
		9C5DD908283652D300641640 /* RichnessOfLifeCell.swift in Sources */ = {isa = PBXBuildFile; fileRef = 9C5DD907283652D300641640 /* RichnessOfLifeCell.swift */; };
		9C5DD90A28365E7700641640 /* SpiritualGrowthCell.swift in Sources */ = {isa = PBXBuildFile; fileRef = 9C5DD90928365E7700641640 /* SpiritualGrowthCell.swift */; };
		9C5DD90C28365EE200641640 /* data2.json in Resources */ = {isa = PBXBuildFile; fileRef = 9C5DD90B28365EE200641640 /* data2.json */; };
		9C5DD90E2836867C00641640 /* DescriptionAdviseViewController.swift in Sources */ = {isa = PBXBuildFile; fileRef = 9C5DD90D2836867C00641640 /* DescriptionAdviseViewController.swift */; };
/* End PBXBuildFile section */

/* Begin PBXFileReference section */
		9C5DD8CD2832BA1800641640 /* Balance App.app */ = {isa = PBXFileReference; explicitFileType = wrapper.application; includeInIndex = 0; path = "Balance App.app"; sourceTree = BUILT_PRODUCTS_DIR; };
		9C5DD8D02832BA1800641640 /* AppDelegate.swift */ = {isa = PBXFileReference; lastKnownFileType = sourcecode.swift; path = AppDelegate.swift; sourceTree = "<group>"; };
		9C5DD8D42832BA1800641640 /* TasksViewController.swift */ = {isa = PBXFileReference; lastKnownFileType = sourcecode.swift; path = TasksViewController.swift; sourceTree = "<group>"; };
		9C5DD8DA2832BA1800641640 /* Balance_App.xcdatamodel */ = {isa = PBXFileReference; lastKnownFileType = wrapper.xcdatamodel; path = Balance_App.xcdatamodel; sourceTree = "<group>"; };
		9C5DD8DC2832BA1900641640 /* Assets.xcassets */ = {isa = PBXFileReference; lastKnownFileType = folder.assetcatalog; path = Assets.xcassets; sourceTree = "<group>"; };
		9C5DD8DF2832BA1900641640 /* Base */ = {isa = PBXFileReference; lastKnownFileType = file.storyboard; name = Base; path = Base.lproj/LaunchScreen.storyboard; sourceTree = "<group>"; };
		9C5DD8E12832BA1900641640 /* Info.plist */ = {isa = PBXFileReference; lastKnownFileType = text.plist.xml; path = Info.plist; sourceTree = "<group>"; };
		9C5DD8E72834F0BD00641640 /* ProfileViewController.swift */ = {isa = PBXFileReference; lastKnownFileType = sourcecode.swift; path = ProfileViewController.swift; sourceTree = "<group>"; };
		9C5DD8E92834F12300641640 /* AdviseViewController.swift */ = {isa = PBXFileReference; lastKnownFileType = sourcecode.swift; path = AdviseViewController.swift; sourceTree = "<group>"; };
		9C5DD8EC2834F98B00641640 /* UIFont + Extension.swift */ = {isa = PBXFileReference; lastKnownFileType = sourcecode.swift; path = "UIFont + Extension.swift"; sourceTree = "<group>"; };
		9C5DD8EF2834F9B400641640 /* UIColor + Extension.swift */ = {isa = PBXFileReference; lastKnownFileType = sourcecode.swift; path = "UIColor + Extension.swift"; sourceTree = "<group>"; };
		9C5DD8F12834F9DC00641640 /* StackView + Extension.swift */ = {isa = PBXFileReference; lastKnownFileType = sourcecode.swift; path = "StackView + Extension.swift"; sourceTree = "<group>"; };
		9C5DD8F32834FAE400641640 /* MainTabBarController.swift */ = {isa = PBXFileReference; lastKnownFileType = sourcecode.swift; path = MainTabBarController.swift; sourceTree = "<group>"; };
		9C5DD8F52835293000641640 /* SectionHeader.swift */ = {isa = PBXFileReference; lastKnownFileType = sourcecode.swift; path = SectionHeader.swift; sourceTree = "<group>"; };
		9C5DD8F828353D4000641640 /* Bundle+Decode.swift */ = {isa = PBXFileReference; lastKnownFileType = sourcecode.swift; path = "Bundle+Decode.swift"; sourceTree = "<group>"; };
		9C5DD8FB2835479D00641640 /* data.json */ = {isa = PBXFileReference; fileEncoding = 4; lastKnownFileType = text.json; path = data.json; sourceTree = "<group>"; };
		9C5DD8FE28354ACB00641640 /* data1.json */ = {isa = PBXFileReference; fileEncoding = 4; lastKnownFileType = text.json; path = data1.json; sourceTree = "<group>"; };
		9C5DD9002836355B00641640 /* HealthCell.swift */ = {isa = PBXFileReference; lastKnownFileType = sourcecode.swift; path = HealthCell.swift; sourceTree = "<group>"; };
		9C5DD9032836372500641640 /* Label + Extension.swift */ = {isa = PBXFileReference; lastKnownFileType = sourcecode.swift; path = "Label + Extension.swift"; sourceTree = "<group>"; };
		9C5DD907283652D300641640 /* RichnessOfLifeCell.swift */ = {isa = PBXFileReference; lastKnownFileType = sourcecode.swift; path = RichnessOfLifeCell.swift; sourceTree = "<group>"; };
		9C5DD90928365E7700641640 /* SpiritualGrowthCell.swift */ = {isa = PBXFileReference; lastKnownFileType = sourcecode.swift; path = SpiritualGrowthCell.swift; sourceTree = "<group>"; };
		9C5DD90B28365EE200641640 /* data2.json */ = {isa = PBXFileReference; fileEncoding = 4; lastKnownFileType = text.json; path = data2.json; sourceTree = "<group>"; };
		9C5DD90D2836867C00641640 /* DescriptionAdviseViewController.swift */ = {isa = PBXFileReference; lastKnownFileType = sourcecode.swift; path = DescriptionAdviseViewController.swift; sourceTree = "<group>"; };
/* End PBXFileReference section */

/* Begin PBXFrameworksBuildPhase section */
		9C5DD8CA2832BA1800641640 /* Frameworks */ = {
			isa = PBXFrameworksBuildPhase;
			buildActionMask = 2147483647;
			files = (
			);
			runOnlyForDeploymentPostprocessing = 0;
		};
/* End PBXFrameworksBuildPhase section */

/* Begin PBXGroup section */
		9C5DD8C42832BA1800641640 = {
			isa = PBXGroup;
			children = (
				9C5DD8CF2832BA1800641640 /* Balance App */,
				9C5DD8CE2832BA1800641640 /* Products */,
			);
			sourceTree = "<group>";
		};
		9C5DD8CE2832BA1800641640 /* Products */ = {
			isa = PBXGroup;
			children = (
				9C5DD8CD2832BA1800641640 /* Balance App.app */,
			);
			name = Products;
			sourceTree = "<group>";
		};
		9C5DD8CF2832BA1800641640 /* Balance App */ = {
			isa = PBXGroup;
			children = (
				9C5DD8D02832BA1800641640 /* AppDelegate.swift */,
				9C5DD8EB2834F92600641640 /* Controllers */,
				9C5DD8F52835293000641640 /* SectionHeader.swift */,
				9C5DD8FA283543CB00641640 /* Extension */,
				9C5DD8EE2834F99C00641640 /* UIKit */,
				9C5DD8DE2832BA1900641640 /* LaunchScreen.storyboard */,
				9C5DD8FB2835479D00641640 /* data.json */,
				9C5DD8FE28354ACB00641640 /* data1.json */,
				9C5DD90B28365EE200641640 /* data2.json */,
				9C5DD8E12832BA1900641640 /* Info.plist */,
				9C5DD8D92832BA1800641640 /* Balance_App.xcdatamodeld */,
				9C5DD8DC2832BA1900641640 /* Assets.xcassets */,
			);
			path = "Balance App";
			sourceTree = "<group>";
		};
		9C5DD8EB2834F92600641640 /* Controllers */ = {
			isa = PBXGroup;
			children = (
				9C5DD9022836355F00641640 /* AdviseCell */,
				9C5DD8F32834FAE400641640 /* MainTabBarController.swift */,
				9C5DD8E72834F0BD00641640 /* ProfileViewController.swift */,
				9C5DD8D42832BA1800641640 /* TasksViewController.swift */,
				9C5DD8E92834F12300641640 /* AdviseViewController.swift */,
				9C5DD90D2836867C00641640 /* DescriptionAdviseViewController.swift */,
			);
			path = Controllers;
			sourceTree = "<group>";
		};
		9C5DD8EE2834F99C00641640 /* UIKit */ = {
			isa = PBXGroup;
			children = (
				9C5DD8EC2834F98B00641640 /* UIFont + Extension.swift */,
				9C5DD8EF2834F9B400641640 /* UIColor + Extension.swift */,
				9C5DD8F12834F9DC00641640 /* StackView + Extension.swift */,
				9C5DD9032836372500641640 /* Label + Extension.swift */,
			);
			path = UIKit;
			sourceTree = "<group>";
		};
		9C5DD8FA283543CB00641640 /* Extension */ = {
			isa = PBXGroup;
			children = (
				9C5DD8F828353D4000641640 /* Bundle+Decode.swift */,
			);
			path = Extension;
			sourceTree = "<group>";
		};
		9C5DD9022836355F00641640 /* AdviseCell */ = {
			isa = PBXGroup;
			children = (
				9C5DD9002836355B00641640 /* HealthCell.swift */,
				9C5DD907283652D300641640 /* RichnessOfLifeCell.swift */,
				9C5DD90928365E7700641640 /* SpiritualGrowthCell.swift */,
			);
			path = AdviseCell;
			sourceTree = "<group>";
		};
/* End PBXGroup section */

/* Begin PBXNativeTarget section */
		9C5DD8CC2832BA1800641640 /* Balance App */ = {
			isa = PBXNativeTarget;
			buildConfigurationList = 9C5DD8E42832BA1900641640 /* Build configuration list for PBXNativeTarget "Balance App" */;
			buildPhases = (
				9C5DD8C92832BA1800641640 /* Sources */,
				9C5DD8CA2832BA1800641640 /* Frameworks */,
				9C5DD8CB2832BA1800641640 /* Resources */,
			);
			buildRules = (
			);
			dependencies = (
			);
			name = "Balance App";
			productName = "Balance App";
			productReference = 9C5DD8CD2832BA1800641640 /* Balance App.app */;
			productType = "com.apple.product-type.application";
		};
/* End PBXNativeTarget section */

/* Begin PBXProject section */
		9C5DD8C52832BA1800641640 /* Project object */ = {
			isa = PBXProject;
			attributes = {
				BuildIndependentTargetsInParallel = 1;
				LastSwiftUpdateCheck = 1330;
				LastUpgradeCheck = 1330;
				TargetAttributes = {
					9C5DD8CC2832BA1800641640 = {
						CreatedOnToolsVersion = 13.3;
					};
				};
			};
			buildConfigurationList = 9C5DD8C82832BA1800641640 /* Build configuration list for PBXProject "Balance App" */;
			compatibilityVersion = "Xcode 13.0";
			developmentRegion = en;
			hasScannedForEncodings = 0;
			knownRegions = (
				en,
				Base,
			);
			mainGroup = 9C5DD8C42832BA1800641640;
			productRefGroup = 9C5DD8CE2832BA1800641640 /* Products */;
			projectDirPath = "";
			projectRoot = "";
			targets = (
				9C5DD8CC2832BA1800641640 /* Balance App */,
			);
		};
/* End PBXProject section */

/* Begin PBXResourcesBuildPhase section */
		9C5DD8CB2832BA1800641640 /* Resources */ = {
			isa = PBXResourcesBuildPhase;
			buildActionMask = 2147483647;
			files = (
				9C5DD90C28365EE200641640 /* data2.json in Resources */,
				9C5DD8E02832BA1900641640 /* LaunchScreen.storyboard in Resources */,
				9C5DD8FC2835479D00641640 /* data.json in Resources */,
				9C5DD8DD2832BA1900641640 /* Assets.xcassets in Resources */,
				9C5DD8FF28354ACB00641640 /* data1.json in Resources */,
			);
			runOnlyForDeploymentPostprocessing = 0;
		};
/* End PBXResourcesBuildPhase section */

/* Begin PBXSourcesBuildPhase section */
		9C5DD8C92832BA1800641640 /* Sources */ = {
			isa = PBXSourcesBuildPhase;
			buildActionMask = 2147483647;
			files = (
				9C5DD8D52832BA1800641640 /* TasksViewController.swift in Sources */,
				9C5DD8F02834F9B400641640 /* UIColor + Extension.swift in Sources */,
				9C5DD8F928353D4000641640 /* Bundle+Decode.swift in Sources */,
				9C5DD908283652D300641640 /* RichnessOfLifeCell.swift in Sources */,
				9C5DD8F62835293000641640 /* SectionHeader.swift in Sources */,
				9C5DD90A28365E7700641640 /* SpiritualGrowthCell.swift in Sources */,
				9C5DD9042836372500641640 /* Label + Extension.swift in Sources */,
				9C5DD8F42834FAE400641640 /* MainTabBarController.swift in Sources */,
				9C5DD8EA2834F12300641640 /* AdviseViewController.swift in Sources */,
				9C5DD8F22834F9DC00641640 /* StackView + Extension.swift in Sources */,
				9C5DD8ED2834F98B00641640 /* UIFont + Extension.swift in Sources */,
				9C5DD8E82834F0BD00641640 /* ProfileViewController.swift in Sources */,
				9C5DD8D12832BA1800641640 /* AppDelegate.swift in Sources */,
				9C5DD8DB2832BA1800641640 /* Balance_App.xcdatamodeld in Sources */,
				9C5DD90E2836867C00641640 /* DescriptionAdviseViewController.swift in Sources */,
				9C5DD9012836355B00641640 /* HealthCell.swift in Sources */,
			);
			runOnlyForDeploymentPostprocessing = 0;
		};
/* End PBXSourcesBuildPhase section */

/* Begin PBXVariantGroup section */
		9C5DD8DE2832BA1900641640 /* LaunchScreen.storyboard */ = {
			isa = PBXVariantGroup;
			children = (
				9C5DD8DF2832BA1900641640 /* Base */,
			);
			name = LaunchScreen.storyboard;
			sourceTree = "<group>";
		};
/* End PBXVariantGroup section */

/* Begin XCBuildConfiguration section */
		9C5DD8E22832BA1900641640 /* Debug */ = {
			isa = XCBuildConfiguration;
			buildSettings = {
				ALWAYS_SEARCH_USER_PATHS = NO;
				CLANG_ANALYZER_NONNULL = YES;
				CLANG_ANALYZER_NUMBER_OBJECT_CONVERSION = YES_AGGRESSIVE;
				CLANG_CXX_LANGUAGE_STANDARD = "gnu++17";
				CLANG_ENABLE_MODULES = YES;
				CLANG_ENABLE_OBJC_ARC = YES;
				CLANG_ENABLE_OBJC_WEAK = YES;
				CLANG_WARN_BLOCK_CAPTURE_AUTORELEASING = YES;
				CLANG_WARN_BOOL_CONVERSION = YES;
				CLANG_WARN_COMMA = YES;
				CLANG_WARN_CONSTANT_CONVERSION = YES;
				CLANG_WARN_DEPRECATED_OBJC_IMPLEMENTATIONS = YES;
				CLANG_WARN_DIRECT_OBJC_ISA_USAGE = YES_ERROR;
				CLANG_WARN_DOCUMENTATION_COMMENTS = YES;
				CLANG_WARN_EMPTY_BODY = YES;
				CLANG_WARN_ENUM_CONVERSION = YES;
				CLANG_WARN_INFINITE_RECURSION = YES;
				CLANG_WARN_INT_CONVERSION = YES;
				CLANG_WARN_NON_LITERAL_NULL_CONVERSION = YES;
				CLANG_WARN_OBJC_IMPLICIT_RETAIN_SELF = YES;
				CLANG_WARN_OBJC_LITERAL_CONVERSION = YES;
				CLANG_WARN_OBJC_ROOT_CLASS = YES_ERROR;
				CLANG_WARN_QUOTED_INCLUDE_IN_FRAMEWORK_HEADER = YES;
				CLANG_WARN_RANGE_LOOP_ANALYSIS = YES;
				CLANG_WARN_STRICT_PROTOTYPES = YES;
				CLANG_WARN_SUSPICIOUS_MOVE = YES;
				CLANG_WARN_UNGUARDED_AVAILABILITY = YES_AGGRESSIVE;
				CLANG_WARN_UNREACHABLE_CODE = YES;
				CLANG_WARN__DUPLICATE_METHOD_MATCH = YES;
				COPY_PHASE_STRIP = NO;
				DEBUG_INFORMATION_FORMAT = dwarf;
				ENABLE_STRICT_OBJC_MSGSEND = YES;
				ENABLE_TESTABILITY = YES;
				GCC_C_LANGUAGE_STANDARD = gnu11;
				GCC_DYNAMIC_NO_PIC = NO;
				GCC_NO_COMMON_BLOCKS = YES;
				GCC_OPTIMIZATION_LEVEL = 0;
				GCC_PREPROCESSOR_DEFINITIONS = (
					"DEBUG=1",
					"$(inherited)",
				);
				GCC_WARN_64_TO_32_BIT_CONVERSION = YES;
				GCC_WARN_ABOUT_RETURN_TYPE = YES_ERROR;
				GCC_WARN_UNDECLARED_SELECTOR = YES;
				GCC_WARN_UNINITIALIZED_AUTOS = YES_AGGRESSIVE;
				GCC_WARN_UNUSED_FUNCTION = YES;
				GCC_WARN_UNUSED_VARIABLE = YES;
				IPHONEOS_DEPLOYMENT_TARGET = 15.4;
				MTL_ENABLE_DEBUG_INFO = INCLUDE_SOURCE;
				MTL_FAST_MATH = YES;
				ONLY_ACTIVE_ARCH = YES;
				SDKROOT = iphoneos;
				SWIFT_ACTIVE_COMPILATION_CONDITIONS = DEBUG;
				SWIFT_OPTIMIZATION_LEVEL = "-Onone";
			};
			name = Debug;
		};
		9C5DD8E32832BA1900641640 /* Release */ = {
			isa = XCBuildConfiguration;
			buildSettings = {
				ALWAYS_SEARCH_USER_PATHS = NO;
				CLANG_ANALYZER_NONNULL = YES;
				CLANG_ANALYZER_NUMBER_OBJECT_CONVERSION = YES_AGGRESSIVE;
				CLANG_CXX_LANGUAGE_STANDARD = "gnu++17";
				CLANG_ENABLE_MODULES = YES;
				CLANG_ENABLE_OBJC_ARC = YES;
				CLANG_ENABLE_OBJC_WEAK = YES;
				CLANG_WARN_BLOCK_CAPTURE_AUTORELEASING = YES;
				CLANG_WARN_BOOL_CONVERSION = YES;
				CLANG_WARN_COMMA = YES;
				CLANG_WARN_CONSTANT_CONVERSION = YES;
				CLANG_WARN_DEPRECATED_OBJC_IMPLEMENTATIONS = YES;
				CLANG_WARN_DIRECT_OBJC_ISA_USAGE = YES_ERROR;
				CLANG_WARN_DOCUMENTATION_COMMENTS = YES;
				CLANG_WARN_EMPTY_BODY = YES;
				CLANG_WARN_ENUM_CONVERSION = YES;
				CLANG_WARN_INFINITE_RECURSION = YES;
				CLANG_WARN_INT_CONVERSION = YES;
				CLANG_WARN_NON_LITERAL_NULL_CONVERSION = YES;
				CLANG_WARN_OBJC_IMPLICIT_RETAIN_SELF = YES;
				CLANG_WARN_OBJC_LITERAL_CONVERSION = YES;
				CLANG_WARN_OBJC_ROOT_CLASS = YES_ERROR;
				CLANG_WARN_QUOTED_INCLUDE_IN_FRAMEWORK_HEADER = YES;
				CLANG_WARN_RANGE_LOOP_ANALYSIS = YES;
				CLANG_WARN_STRICT_PROTOTYPES = YES;
				CLANG_WARN_SUSPICIOUS_MOVE = YES;
				CLANG_WARN_UNGUARDED_AVAILABILITY = YES_AGGRESSIVE;
				CLANG_WARN_UNREACHABLE_CODE = YES;
				CLANG_WARN__DUPLICATE_METHOD_MATCH = YES;
				COPY_PHASE_STRIP = NO;
				DEBUG_INFORMATION_FORMAT = "dwarf-with-dsym";
				ENABLE_NS_ASSERTIONS = NO;
				ENABLE_STRICT_OBJC_MSGSEND = YES;
				GCC_C_LANGUAGE_STANDARD = gnu11;
				GCC_NO_COMMON_BLOCKS = YES;
				GCC_WARN_64_TO_32_BIT_CONVERSION = YES;
				GCC_WARN_ABOUT_RETURN_TYPE = YES_ERROR;
				GCC_WARN_UNDECLARED_SELECTOR = YES;
				GCC_WARN_UNINITIALIZED_AUTOS = YES_AGGRESSIVE;
				GCC_WARN_UNUSED_FUNCTION = YES;
				GCC_WARN_UNUSED_VARIABLE = YES;
				IPHONEOS_DEPLOYMENT_TARGET = 15.4;
				MTL_ENABLE_DEBUG_INFO = NO;
				MTL_FAST_MATH = YES;
				SDKROOT = iphoneos;
				SWIFT_COMPILATION_MODE = wholemodule;
				SWIFT_OPTIMIZATION_LEVEL = "-O";
				VALIDATE_PRODUCT = YES;
			};
			name = Release;
		};
		9C5DD8E52832BA1900641640 /* Debug */ = {
			isa = XCBuildConfiguration;
			buildSettings = {
				ASSETCATALOG_COMPILER_APPICON_NAME = AppIcon;
				ASSETCATALOG_COMPILER_GLOBAL_ACCENT_COLOR_NAME = AccentColor;
				CODE_SIGN_STYLE = Automatic;
				CURRENT_PROJECT_VERSION = 1;
				DEVELOPMENT_TEAM = Q5RV2AMVQ8;
				GENERATE_INFOPLIST_FILE = YES;
				INFOPLIST_FILE = "Balance App/Info.plist";
				INFOPLIST_KEY_UIApplicationSupportsIndirectInputEvents = YES;
				INFOPLIST_KEY_UILaunchStoryboardName = LaunchScreen;
				INFOPLIST_KEY_UISupportedInterfaceOrientations_iPad = "UIInterfaceOrientationPortrait UIInterfaceOrientationPortraitUpsideDown UIInterfaceOrientationLandscapeLeft UIInterfaceOrientationLandscapeRight";
				INFOPLIST_KEY_UISupportedInterfaceOrientations_iPhone = "UIInterfaceOrientationPortrait UIInterfaceOrientationLandscapeLeft UIInterfaceOrientationLandscapeRight";
				LD_RUNPATH_SEARCH_PATHS = (
					"$(inherited)",
					"@executable_path/Frameworks",
				);
				MARKETING_VERSION = 1.0;
				PRODUCT_BUNDLE_IDENTIFIER = "Bogdan.Balance-App";
				PRODUCT_NAME = "$(TARGET_NAME)";
				SWIFT_EMIT_LOC_STRINGS = YES;
				SWIFT_VERSION = 5.0;
				TARGETED_DEVICE_FAMILY = "1,2";
			};
			name = Debug;
		};
		9C5DD8E62832BA1900641640 /* Release */ = {
			isa = XCBuildConfiguration;
			buildSettings = {
				ASSETCATALOG_COMPILER_APPICON_NAME = AppIcon;
				ASSETCATALOG_COMPILER_GLOBAL_ACCENT_COLOR_NAME = AccentColor;
				CODE_SIGN_STYLE = Automatic;
				CURRENT_PROJECT_VERSION = 1;
				DEVELOPMENT_TEAM = Q5RV2AMVQ8;
				GENERATE_INFOPLIST_FILE = YES;
				INFOPLIST_FILE = "Balance App/Info.plist";
				INFOPLIST_KEY_UIApplicationSupportsIndirectInputEvents = YES;
				INFOPLIST_KEY_UILaunchStoryboardName = LaunchScreen;
				INFOPLIST_KEY_UISupportedInterfaceOrientations_iPad = "UIInterfaceOrientationPortrait UIInterfaceOrientationPortraitUpsideDown UIInterfaceOrientationLandscapeLeft UIInterfaceOrientationLandscapeRight";
				INFOPLIST_KEY_UISupportedInterfaceOrientations_iPhone = "UIInterfaceOrientationPortrait UIInterfaceOrientationLandscapeLeft UIInterfaceOrientationLandscapeRight";
				LD_RUNPATH_SEARCH_PATHS = (
					"$(inherited)",
					"@executable_path/Frameworks",
				);
				MARKETING_VERSION = 1.0;
				PRODUCT_BUNDLE_IDENTIFIER = "Bogdan.Balance-App";
				PRODUCT_NAME = "$(TARGET_NAME)";
				SWIFT_EMIT_LOC_STRINGS = YES;
				SWIFT_VERSION = 5.0;
				TARGETED_DEVICE_FAMILY = "1,2";
			};
			name = Release;
		};
/* End XCBuildConfiguration section */

/* Begin XCConfigurationList section */
		9C5DD8C82832BA1800641640 /* Build configuration list for PBXProject "Balance App" */ = {
			isa = XCConfigurationList;
			buildConfigurations = (
				9C5DD8E22832BA1900641640 /* Debug */,
				9C5DD8E32832BA1900641640 /* Release */,
			);
			defaultConfigurationIsVisible = 0;
			defaultConfigurationName = Release;
		};
		9C5DD8E42832BA1900641640 /* Build configuration list for PBXNativeTarget "Balance App" */ = {
			isa = XCConfigurationList;
			buildConfigurations = (
				9C5DD8E52832BA1900641640 /* Debug */,
				9C5DD8E62832BA1900641640 /* Release */,
			);
			defaultConfigurationIsVisible = 0;
			defaultConfigurationName = Release;
		};
/* End XCConfigurationList section */

/* Begin XCVersionGroup section */
		9C5DD8D92832BA1800641640 /* Balance_App.xcdatamodeld */ = {
			isa = XCVersionGroup;
			children = (
				9C5DD8DA2832BA1800641640 /* Balance_App.xcdatamodel */,
			);
			currentVersion = 9C5DD8DA2832BA1800641640 /* Balance_App.xcdatamodel */;
			path = Balance_App.xcdatamodeld;
			sourceTree = "<group>";
			versionGroupType = wrapper.xcdatamodel;
		};
/* End XCVersionGroup section */
	};
	rootObject = 9C5DD8C52832BA1800641640 /* Project object */;
}
